// !$*UTF8*$!
{
	archiveVersion = 1;
	classes = {
	};
	objectVersion = 46;
	objects = {

/* Begin PBXBuildFile section */
		DEEAC5D11D964733009481C8 /* main.cpp in Sources */ = {isa = PBXBuildFile; fileRef = DEEAC5D01D964733009481C8 /* main.cpp */; };
		DEEAC5D81D9649F7009481C8 /* yang_hui_triangle.cpp in Sources */ = {isa = PBXBuildFile; fileRef = DEEAC5D71D9649F7009481C8 /* yang_hui_triangle.cpp */; };
		DEFA553F1D9C0B0C004D7BE3 /* Uva10820 send a Table.cpp in Sources */ = {isa = PBXBuildFile; fileRef = DEFA553E1D9C0B0C004D7BE3 /* Uva10820 send a Table.cpp */; };
/* End PBXBuildFile section */

/* Begin PBXCopyFilesBuildPhase section */
		DEEAC5CB1D964733009481C8 /* CopyFiles */ = {
			isa = PBXCopyFilesBuildPhase;
			buildActionMask = 2147483647;
			dstPath = /usr/share/man/man1/;
			dstSubfolderSpec = 0;
			files = (
			);
			runOnlyForDeploymentPostprocessing = 1;
		};
/* End PBXCopyFilesBuildPhase section */

/* Begin PBXFileReference section */
		DEEAC5CD1D964733009481C8 /* probability_beging_algorithm_contest */ = {isa = PBXFileReference; explicitFileType = "compiled.mach-o.executable"; includeInIndex = 0; path = probability_beging_algorithm_contest; sourceTree = BUILT_PRODUCTS_DIR; };
		DEEAC5D01D964733009481C8 /* main.cpp */ = {isa = PBXFileReference; lastKnownFileType = sourcecode.cpp.cpp; path = main.cpp; sourceTree = "<group>"; };
		DEEAC5D71D9649F7009481C8 /* yang_hui_triangle.cpp */ = {isa = PBXFileReference; fileEncoding = 4; lastKnownFileType = sourcecode.cpp.cpp; path = yang_hui_triangle.cpp; sourceTree = "<group>"; };
		DEEAC5D91D964A28009481C8 /* in */ = {isa = PBXFileReference; fileEncoding = 4; lastKnownFileType = text; path = in; sourceTree = "<group>"; };
		DEEAC5DA1D964A32009481C8 /* out */ = {isa = PBXFileReference; fileEncoding = 4; lastKnownFileType = text; path = out; sourceTree = "<group>"; };
		DEFA553E1D9C0B0C004D7BE3 /* Uva10820 send a Table.cpp */ = {isa = PBXFileReference; fileEncoding = 4; lastKnownFileType = sourcecode.cpp.cpp; path = "Uva10820 send a Table.cpp"; sourceTree = "<group>"; };
/* End PBXFileReference section */

/* Begin PBXFrameworksBuildPhase section */
		DEEAC5CA1D964733009481C8 /* Frameworks */ = {
			isa = PBXFrameworksBuildPhase;
			buildActionMask = 2147483647;
			files = (
			);
			runOnlyForDeploymentPostprocessing = 0;
		};
/* End PBXFrameworksBuildPhase section */

/* Begin PBXGroup section */
		DEEAC5C41D964733009481C8 = {
			isa = PBXGroup;
			children = (
				DEEAC5CF1D964733009481C8 /* probability_beging_algorithm_contest */,
				DEEAC5CE1D964733009481C8 /* Products */,
			);
			sourceTree = "<group>";
		};
		DEEAC5CE1D964733009481C8 /* Products */ = {
			isa = PBXGroup;
			children = (
				DEEAC5CD1D964733009481C8 /* probability_beging_algorithm_contest */,
			);
			name = Products;
			sourceTree = "<group>";
		};
		DEEAC5CF1D964733009481C8 /* probability_beging_algorithm_contest */ = {
			isa = PBXGroup;
			children = (
				DEEAC5D01D964733009481C8 /* main.cpp */,
				DEEAC5D71D9649F7009481C8 /* yang_hui_triangle.cpp */,
				DEEAC5D91D964A28009481C8 /* in */,
				DEEAC5DA1D964A32009481C8 /* out */,
				DEFA553E1D9C0B0C004D7BE3 /* Uva10820 send a Table.cpp */,
			);
			path = probability_beging_algorithm_contest;
			sourceTree = "<group>";
		};
/* End PBXGroup section */

/* Begin PBXNativeTarget section */
		DEEAC5CC1D964733009481C8 /* probability_beging_algorithm_contest */ = {
			isa = PBXNativeTarget;
			buildConfigurationList = DEEAC5D41D964733009481C8 /* Build configuration list for PBXNativeTarget "probability_beging_algorithm_contest" */;
			buildPhases = (
				DEEAC5C91D964733009481C8 /* Sources */,
				DEEAC5CA1D964733009481C8 /* Frameworks */,
				DEEAC5CB1D964733009481C8 /* CopyFiles */,
			);
			buildRules = (
			);
			dependencies = (
			);
			name = probability_beging_algorithm_contest;
			productName = probability_beging_algorithm_contest;
			productReference = DEEAC5CD1D964733009481C8 /* probability_beging_algorithm_contest */;
			productType = "com.apple.product-type.tool";
		};
/* End PBXNativeTarget section */

/* Begin PBXProject section */
		DEEAC5C51D964733009481C8 /* Project object */ = {
			isa = PBXProject;
			attributes = {
				LastUpgradeCheck = 0720;
				ORGANIZATIONNAME = YuXiao;
				TargetAttributes = {
					DEEAC5CC1D964733009481C8 = {
						CreatedOnToolsVersion = 7.2.1;
					};
				};
			};
			buildConfigurationList = DEEAC5C81D964733009481C8 /* Build configuration list for PBXProject "probability_beging_algorithm_contest" */;
			compatibilityVersion = "Xcode 3.2";
			developmentRegion = English;
			hasScannedForEncodings = 0;
			knownRegions = (
				en,
			);
			mainGroup = DEEAC5C41D964733009481C8;
			productRefGroup = DEEAC5CE1D964733009481C8 /* Products */;
			projectDirPath = "";
			projectRoot = "";
			targets = (
				DEEAC5CC1D964733009481C8 /* probability_beging_algorithm_contest */,
			);
		};
/* End PBXProject section */

/* Begin PBXSourcesBuildPhase section */
		DEEAC5C91D964733009481C8 /* Sources */ = {
			isa = PBXSourcesBuildPhase;
			buildActionMask = 2147483647;
			files = (
				DEEAC5D11D964733009481C8 /* main.cpp in Sources */,
				DEFA553F1D9C0B0C004D7BE3 /* Uva10820 send a Table.cpp in Sources */,
				DEEAC5D81D9649F7009481C8 /* yang_hui_triangle.cpp in Sources */,
			);
			runOnlyForDeploymentPostprocessing = 0;
		};
/* End PBXSourcesBuildPhase section */

/* Begin XCBuildConfiguration section */
		DEEAC5D21D964733009481C8 /* Debug */ = {
			isa = XCBuildConfiguration;
			buildSettings = {
				ALWAYS_SEARCH_USER_PATHS = NO;
				CLANG_CXX_LANGUAGE_STANDARD = "gnu++0x";
				CLANG_CXX_LIBRARY = "libc++";
				CLANG_ENABLE_MODULES = YES;
				CLANG_ENABLE_OBJC_ARC = YES;
				CLANG_WARN_BOOL_CONVERSION = YES;
				CLANG_WARN_CONSTANT_CONVERSION = YES;
				CLANG_WARN_DIRECT_OBJC_ISA_USAGE = YES_ERROR;
				CLANG_WARN_EMPTY_BODY = YES;
				CLANG_WARN_ENUM_CONVERSION = YES;
				CLANG_WARN_INT_CONVERSION = YES;
				CLANG_WARN_OBJC_ROOT_CLASS = YES_ERROR;
				CLANG_WARN_UNREACHABLE_CODE = YES;
				CLANG_WARN__DUPLICATE_METHOD_MATCH = YES;
				CODE_SIGN_IDENTITY = "-";
				COPY_PHASE_STRIP = NO;
				DEBUG_INFORMATION_FORMAT = dwarf;
				ENABLE_STRICT_OBJC_MSGSEND = YES;
				ENABLE_TESTABILITY = YES;
				GCC_C_LANGUAGE_STANDARD = gnu99;
				GCC_DYNAMIC_NO_PIC = NO;
				GCC_NO_COMMON_BLOCKS = YES;
				GCC_OPTIMIZATION_LEVEL = 0;
				GCC_PREPROCESSOR_DEFINITIONS = (
					"DEBUG=1",
					"$(inherited)",
				);
				GCC_WARN_64_TO_32_BIT_CONVERSION = YES;
				GCC_WARN_ABOUT_RETURN_TYPE = YES_ERROR;
				GCC_WARN_UNDECLARED_SELECTOR = YES;
				GCC_WARN_UNINITIALIZED_AUTOS = YES_AGGRESSIVE;
				GCC_WARN_UNUSED_FUNCTION = YES;
				GCC_WARN_UNUSED_VARIABLE = YES;
				MACOSX_DEPLOYMENT_TARGET = 10.10;
				MTL_ENABLE_DEBUG_INFO = YES;
				ONLY_ACTIVE_ARCH = YES;
				SDKROOT = macosx;
			};
			name = Debug;
		};
		DEEAC5D31D964733009481C8 /* Release */ = {
			isa = XCBuildConfiguration;
			buildSettings = {
				ALWAYS_SEARCH_USER_PATHS = NO;
				CLANG_CXX_LANGUAGE_STANDARD = "gnu++0x";
				CLANG_CXX_LIBRARY = "libc++";
				CLANG_ENABLE_MODULES = YES;
				CLANG_ENABLE_OBJC_ARC = YES;
				CLANG_WARN_BOOL_CONVERSION = YES;
				CLANG_WARN_CONSTANT_CONVERSION = YES;
				CLANG_WARN_DIRECT_OBJC_ISA_USAGE = YES_ERROR;
				CLANG_WARN_EMPTY_BODY = YES;
				CLANG_WARN_ENUM_CONVERSION = YES;
				CLANG_WARN_INT_CONVERSION = YES;
				CLANG_WARN_OBJC_ROOT_CLASS = YES_ERROR;
				CLANG_WARN_UNREACHABLE_CODE = YES;
				CLANG_WARN__DUPLICATE_METHOD_MATCH = YES;
				CODE_SIGN_IDENTITY = "-";
				COPY_PHASE_STRIP = NO;
				DEBUG_INFORMATION_FORMAT = "dwarf-with-dsym";
				ENABLE_NS_ASSERTIONS = NO;
				ENABLE_STRICT_OBJC_MSGSEND = YES;
				GCC_C_LANGUAGE_STANDARD = gnu99;
				GCC_NO_COMMON_BLOCKS = YES;
				GCC_WARN_64_TO_32_BIT_CONVERSION = YES;
				GCC_WARN_ABOUT_RETURN_TYPE = YES_ERROR;
				GCC_WARN_UNDECLARED_SELECTOR = YES;
				GCC_WARN_UNINITIALIZED_AUTOS = YES_AGGRESSIVE;
				GCC_WARN_UNUSED_FUNCTION = YES;
				GCC_WARN_UNUSED_VARIABLE = YES;
				MACOSX_DEPLOYMENT_TARGET = 10.10;
				MTL_ENABLE_DEBUG_INFO = NO;
				SDKROOT = macosx;
			};
			name = Release;
		};
		DEEAC5D51D964733009481C8 /* Debug */ = {
			isa = XCBuildConfiguration;
			buildSettings = {
				PRODUCT_NAME = "$(TARGET_NAME)";
			};
			name = Debug;
		};
		DEEAC5D61D964733009481C8 /* Release */ = {
			isa = XCBuildConfiguration;
			buildSettings = {
				PRODUCT_NAME = "$(TARGET_NAME)";
			};
			name = Release;
		};
/* End XCBuildConfiguration section */

/* Begin XCConfigurationList section */
		DEEAC5C81D964733009481C8 /* Build configuration list for PBXProject "probability_beging_algorithm_contest" */ = {
			isa = XCConfigurationList;
			buildConfigurations = (
				DEEAC5D21D964733009481C8 /* Debug */,
				DEEAC5D31D964733009481C8 /* Release */,
			);
			defaultConfigurationIsVisible = 0;
			defaultConfigurationName = Release;
		};
		DEEAC5D41D964733009481C8 /* Build configuration list for PBXNativeTarget "probability_beging_algorithm_contest" */ = {
			isa = XCConfigurationList;
			buildConfigurations = (
				DEEAC5D51D964733009481C8 /* Debug */,
				DEEAC5D61D964733009481C8 /* Release */,
			);
			defaultConfigurationIsVisible = 0;
			defaultConfigurationName = Release;
		};
/* End XCConfigurationList section */
	};
	rootObject = DEEAC5C51D964733009481C8 /* Project object */;
}
